
Microsoft Visual Studio Solution File, Format Version 12.00
# Visual Studio Version 16
VisualStudioVersion = 16.0.810.22
MinimumVisualStudioVersion = 10.0.40219.1
Project("{FAE04EC0-301F-11D3-BF4B-00C04F79EFBC}") = "LogicalOperators", "LogicalOperators.csproj", "{BED09906-AFA4-4ACA-90DA-4614A2636DAA}"
EndProject
Project("{FAE04EC0-301F-11D3-BF4B-00C04F79EFBC}") = "ANDOperator", "ANDOperator\ANDOperator.csproj", "{9F6B464E-A662-4987-800E-9B381607EB12}"
EndProject
Project("{FAE04EC0-301F-11D3-BF4B-00C04F79EFBC}") = "OROperator", "OROperator\OROperator.csproj", "{75353AE9-4EF7-4E41-B088-902FD302A5D2}"
EndProject
Project("{FAE04EC0-301F-11D3-BF4B-00C04F79EFBC}") = "EnglishWeather", "EnglishWeather\EnglishWeather.csproj", "{450BBB16-B218-4724-9C3D-677B4128062F}"
EndProject
Project("{FAE04EC0-301F-11D3-BF4B-00C04F79EFBC}") = "Discount", "Discount\Discount.csproj", "{84CF59B8-1435-4097-8BB6-596E6925A747}"
EndProject
Global
	GlobalSection(SolutionConfigurationPlatforms) = preSolution
		Debug|Any CPU = Debug|Any CPU
		Release|Any CPU = Release|Any CPU
	EndGlobalSection
	GlobalSection(ProjectConfigurationPlatforms) = postSolution
		{BED09906-AFA4-4ACA-90DA-4614A2636DAA}.Debug|Any CPU.ActiveCfg = Debug|Any CPU
		{BED09906-AFA4-4ACA-90DA-4614A2636DAA}.Debug|Any CPU.Build.0 = Debug|Any CPU
		{BED09906-AFA4-4ACA-90DA-4614A2636DAA}.Release|Any CPU.ActiveCfg = Release|Any CPU
		{BED09906-AFA4-4ACA-90DA-4614A2636DAA}.Release|Any CPU.Build.0 = Release|Any CPU
		{9F6B464E-A662-4987-800E-9B381607EB12}.Debug|Any CPU.ActiveCfg = Debug|Any CPU
		{9F6B464E-A662-4987-800E-9B381607EB12}.Debug|Any CPU.Build.0 = Debug|Any CPU
		{9F6B464E-A662-4987-800E-9B381607EB12}.Release|Any CPU.ActiveCfg = Release|Any CPU
		{9F6B464E-A662-4987-800E-9B381607EB12}.Release|Any CPU.Build.0 = Release|Any CPU
		{75353AE9-4EF7-4E41-B088-902FD302A5D2}.Debug|Any CPU.ActiveCfg = Debug|Any CPU
		{75353AE9-4EF7-4E41-B088-902FD302A5D2}.Debug|Any CPU.Build.0 = Debug|Any CPU
		{75353AE9-4EF7-4E41-B088-902FD302A5D2}.Release|Any CPU.ActiveCfg = Release|Any CPU
		{75353AE9-4EF7-4E41-B088-902FD302A5D2}.Release|Any CPU.Build.0 = Release|Any CPU
		{450BBB16-B218-4724-9C3D-677B4128062F}.Debug|Any CPU.ActiveCfg = Debug|Any CPU
		{450BBB16-B218-4724-9C3D-677B4128062F}.Debug|Any CPU.Build.0 = Debug|Any CPU
		{450BBB16-B218-4724-9C3D-677B4128062F}.Release|Any CPU.ActiveCfg = Release|Any CPU
		{450BBB16-B218-4724-9C3D-677B4128062F}.Release|Any CPU.Build.0 = Release|Any CPU
		{84CF59B8-1435-4097-8BB6-596E6925A747}.Debug|Any CPU.ActiveCfg = Debug|Any CPU
		{84CF59B8-1435-4097-8BB6-596E6925A747}.Debug|Any CPU.Build.0 = Debug|Any CPU
		{84CF59B8-1435-4097-8BB6-596E6925A747}.Release|Any CPU.ActiveCfg = Release|Any CPU
		{84CF59B8-1435-4097-8BB6-596E6925A747}.Release|Any CPU.Build.0 = Release|Any CPU
	EndGlobalSection
	GlobalSection(SolutionProperties) = preSolution
		HideSolutionNode = FALSE
	EndGlobalSection
	GlobalSection(ExtensibilityGlobals) = postSolution
		SolutionGuid = {7D2636C3-7FAF-446B-A9FD-CB8BC5D7FDE5}
	EndGlobalSection
EndGlobal
